
Microsoft Visual Studio Solution File, Format Version 12.00
# Visual Studio Version 16
VisualStudioVersion = 16.0.31205.134
MinimumVisualStudioVersion = 10.0.40219.1
Project("{8BC9CEB8-8B4A-11D0-8D11-00A0C91BC942}") = "Problem_2750", "Problem_2750\Problem_2750.vcxproj", "{E35CBB4F-A44A-4CD3-AEBC-3DC60FED7E2C}"
EndProject
Project("{8BC9CEB8-8B4A-11D0-8D11-00A0C91BC942}") = "Problem_1427", "Problem_1427\Problem_1427.vcxproj", "{711631CB-EFCC-48F3-9DA0-1D63FFE24BA4}"
EndProject
Project("{8BC9CEB8-8B4A-11D0-8D11-00A0C91BC942}") = "Problem_1436", "Problem_1436\Problem_1436.vcxproj", "{F095A831-8B4C-4B11-BC13-FC8DAD7F6AA4}"
EndProject
Project("{8BC9CEB8-8B4A-11D0-8D11-00A0C91BC942}") = "Problem_1018", "Problem_1018\Problem_1018.vcxproj", "{F9937B70-A6EC-462E-8B69-83DF38970F26}"
EndProject
Project("{8BC9CEB8-8B4A-11D0-8D11-00A0C91BC942}") = "Problem_10870", "Problem_10870\Problem_10870.vcxproj", "{B9BFB350-A6DC-43E7-B6DB-D3E2232F563C}"
EndProject
Project("{8BC9CEB8-8B4A-11D0-8D11-00A0C91BC942}") = "Problem_1065", "Problem_1065\Problem_1065.vcxproj", "{860BD909-E5AA-453C-9DA3-0DA91F6D57BB}"
EndProject
Project("{8BC9CEB8-8B4A-11D0-8D11-00A0C91BC942}") = "Problem_2108", "Problem_2108\Problem_2108.vcxproj", "{826725FF-FB2C-472F-8F3A-E634CE747EFF}"
EndProject
Project("{8BC9CEB8-8B4A-11D0-8D11-00A0C91BC942}") = "_FastSort", "_FastSort\_FastSort.vcxproj", "{74CEDB09-58CE-4091-9F1D-61771AD8082E}"
EndProject
Project("{8BC9CEB8-8B4A-11D0-8D11-00A0C91BC942}") = "Problem_1157", "Problem_1157\Problem_1157.vcxproj", "{C88106B0-8C3E-4F01-AC04-E81CD676BA6B}"
EndProject
Project("{8BC9CEB8-8B4A-11D0-8D11-00A0C91BC942}") = "Problem_4673", "Problem_4673\Problem_4673.vcxproj", "{76569EF4-4A11-414A-BF2B-2DCF25C50C68}"
EndProject
Project("{8BC9CEB8-8B4A-11D0-8D11-00A0C91BC942}") = "Problem_7568", "Problem_7568\Problem_7568.vcxproj", "{57072252-B882-4A3C-A6D7-F8CFC6171DB4}"
EndProject
Project("{8BC9CEB8-8B4A-11D0-8D11-00A0C91BC942}") = "Problem_2292", "Problem_2292\Problem_2292.vcxproj", "{D1DF6D2A-13A0-4D0D-97E6-C47D02B9B324}"
EndProject
Project("{8BC9CEB8-8B4A-11D0-8D11-00A0C91BC942}") = "Problem_1193", "Problem_1193\Problem_1193.vcxproj", "{0D5C196C-F9F0-4C6D-BFCB-9DA3BAF1D41E}"
EndProject
Project("{8BC9CEB8-8B4A-11D0-8D11-00A0C91BC942}") = "Problem_2231", "Problem_2231\Problem_2231.vcxproj", "{AF18C336-A1F5-4693-998C-970C64A3B89D}"
EndProject
Project("{8BC9CEB8-8B4A-11D0-8D11-00A0C91BC942}") = "Problem_1712", "Problem_1712\Problem_1712.vcxproj", "{C372914F-244C-42B3-A8EA-71A5A0B9A80D}"
EndProject
Global
	GlobalSection(SolutionConfigurationPlatforms) = preSolution
		Debug|x64 = Debug|x64
		Debug|x86 = Debug|x86
		Release|x64 = Release|x64
		Release|x86 = Release|x86
	EndGlobalSection
	GlobalSection(ProjectConfigurationPlatforms) = postSolution
		{E35CBB4F-A44A-4CD3-AEBC-3DC60FED7E2C}.Debug|x64.ActiveCfg = Debug|x64
		{E35CBB4F-A44A-4CD3-AEBC-3DC60FED7E2C}.Debug|x64.Build.0 = Debug|x64
		{E35CBB4F-A44A-4CD3-AEBC-3DC60FED7E2C}.Debug|x86.ActiveCfg = Debug|Win32
		{E35CBB4F-A44A-4CD3-AEBC-3DC60FED7E2C}.Debug|x86.Build.0 = Debug|Win32
		{E35CBB4F-A44A-4CD3-AEBC-3DC60FED7E2C}.Release|x64.ActiveCfg = Release|x64
		{E35CBB4F-A44A-4CD3-AEBC-3DC60FED7E2C}.Release|x64.Build.0 = Release|x64
		{E35CBB4F-A44A-4CD3-AEBC-3DC60FED7E2C}.Release|x86.ActiveCfg = Release|Win32
		{E35CBB4F-A44A-4CD3-AEBC-3DC60FED7E2C}.Release|x86.Build.0 = Release|Win32
		{711631CB-EFCC-48F3-9DA0-1D63FFE24BA4}.Debug|x64.ActiveCfg = Debug|x64
		{711631CB-EFCC-48F3-9DA0-1D63FFE24BA4}.Debug|x64.Build.0 = Debug|x64
		{711631CB-EFCC-48F3-9DA0-1D63FFE24BA4}.Debug|x86.ActiveCfg = Debug|Win32
		{711631CB-EFCC-48F3-9DA0-1D63FFE24BA4}.Debug|x86.Build.0 = Debug|Win32
		{711631CB-EFCC-48F3-9DA0-1D63FFE24BA4}.Release|x64.ActiveCfg = Release|x64
		{711631CB-EFCC-48F3-9DA0-1D63FFE24BA4}.Release|x64.Build.0 = Release|x64
		{711631CB-EFCC-48F3-9DA0-1D63FFE24BA4}.Release|x86.ActiveCfg = Release|Win32
		{711631CB-EFCC-48F3-9DA0-1D63FFE24BA4}.Release|x86.Build.0 = Release|Win32
		{F095A831-8B4C-4B11-BC13-FC8DAD7F6AA4}.Debug|x64.ActiveCfg = Debug|x64
		{F095A831-8B4C-4B11-BC13-FC8DAD7F6AA4}.Debug|x64.Build.0 = Debug|x64
		{F095A831-8B4C-4B11-BC13-FC8DAD7F6AA4}.Debug|x86.ActiveCfg = Debug|Win32
		{F095A831-8B4C-4B11-BC13-FC8DAD7F6AA4}.Debug|x86.Build.0 = Debug|Win32
		{F095A831-8B4C-4B11-BC13-FC8DAD7F6AA4}.Release|x64.ActiveCfg = Release|x64
		{F095A831-8B4C-4B11-BC13-FC8DAD7F6AA4}.Release|x64.Build.0 = Release|x64
		{F095A831-8B4C-4B11-BC13-FC8DAD7F6AA4}.Release|x86.ActiveCfg = Release|Win32
		{F095A831-8B4C-4B11-BC13-FC8DAD7F6AA4}.Release|x86.Build.0 = Release|Win32
		{F9937B70-A6EC-462E-8B69-83DF38970F26}.Debug|x64.ActiveCfg = Debug|x64
		{F9937B70-A6EC-462E-8B69-83DF38970F26}.Debug|x64.Build.0 = Debug|x64
		{F9937B70-A6EC-462E-8B69-83DF38970F26}.Debug|x86.ActiveCfg = Debug|Win32
		{F9937B70-A6EC-462E-8B69-83DF38970F26}.Debug|x86.Build.0 = Debug|Win32
		{F9937B70-A6EC-462E-8B69-83DF38970F26}.Release|x64.ActiveCfg = Release|x64
		{F9937B70-A6EC-462E-8B69-83DF38970F26}.Release|x64.Build.0 = Release|x64
		{F9937B70-A6EC-462E-8B69-83DF38970F26}.Release|x86.ActiveCfg = Release|Win32
		{F9937B70-A6EC-462E-8B69-83DF38970F26}.Release|x86.Build.0 = Release|Win32
		{B9BFB350-A6DC-43E7-B6DB-D3E2232F563C}.Debug|x64.ActiveCfg = Debug|x64
		{B9BFB350-A6DC-43E7-B6DB-D3E2232F563C}.Debug|x64.Build.0 = Debug|x64
		{B9BFB350-A6DC-43E7-B6DB-D3E2232F563C}.Debug|x86.ActiveCfg = Debug|Win32
		{B9BFB350-A6DC-43E7-B6DB-D3E2232F563C}.Debug|x86.Build.0 = Debug|Win32
		{B9BFB350-A6DC-43E7-B6DB-D3E2232F563C}.Release|x64.ActiveCfg = Release|x64
		{B9BFB350-A6DC-43E7-B6DB-D3E2232F563C}.Release|x64.Build.0 = Release|x64
		{B9BFB350-A6DC-43E7-B6DB-D3E2232F563C}.Release|x86.ActiveCfg = Release|Win32
		{B9BFB350-A6DC-43E7-B6DB-D3E2232F563C}.Release|x86.Build.0 = Release|Win32
		{860BD909-E5AA-453C-9DA3-0DA91F6D57BB}.Debug|x64.ActiveCfg = Debug|x64
		{860BD909-E5AA-453C-9DA3-0DA91F6D57BB}.Debug|x64.Build.0 = Debug|x64
		{860BD909-E5AA-453C-9DA3-0DA91F6D57BB}.Debug|x86.ActiveCfg = Debug|Win32
		{860BD909-E5AA-453C-9DA3-0DA91F6D57BB}.Debug|x86.Build.0 = Debug|Win32
		{860BD909-E5AA-453C-9DA3-0DA91F6D57BB}.Release|x64.ActiveCfg = Release|x64
		{860BD909-E5AA-453C-9DA3-0DA91F6D57BB}.Release|x64.Build.0 = Release|x64
		{860BD909-E5AA-453C-9DA3-0DA91F6D57BB}.Release|x86.ActiveCfg = Release|Win32
		{860BD909-E5AA-453C-9DA3-0DA91F6D57BB}.Release|x86.Build.0 = Release|Win32
		{826725FF-FB2C-472F-8F3A-E634CE747EFF}.Debug|x64.ActiveCfg = Debug|x64
		{826725FF-FB2C-472F-8F3A-E634CE747EFF}.Debug|x64.Build.0 = Debug|x64
		{826725FF-FB2C-472F-8F3A-E634CE747EFF}.Debug|x86.ActiveCfg = Debug|Win32
		{826725FF-FB2C-472F-8F3A-E634CE747EFF}.Debug|x86.Build.0 = Debug|Win32
		{826725FF-FB2C-472F-8F3A-E634CE747EFF}.Release|x64.ActiveCfg = Release|x64
		{826725FF-FB2C-472F-8F3A-E634CE747EFF}.Release|x64.Build.0 = Release|x64
		{826725FF-FB2C-472F-8F3A-E634CE747EFF}.Release|x86.ActiveCfg = Release|Win32
		{826725FF-FB2C-472F-8F3A-E634CE747EFF}.Release|x86.Build.0 = Release|Win32
		{74CEDB09-58CE-4091-9F1D-61771AD8082E}.Debug|x64.ActiveCfg = Debug|x64
		{74CEDB09-58CE-4091-9F1D-61771AD8082E}.Debug|x64.Build.0 = Debug|x64
		{74CEDB09-58CE-4091-9F1D-61771AD8082E}.Debug|x86.ActiveCfg = Debug|Win32
		{74CEDB09-58CE-4091-9F1D-61771AD8082E}.Debug|x86.Build.0 = Debug|Win32
		{74CEDB09-58CE-4091-9F1D-61771AD8082E}.Release|x64.ActiveCfg = Release|x64
		{74CEDB09-58CE-4091-9F1D-61771AD8082E}.Release|x64.Build.0 = Release|x64
		{74CEDB09-58CE-4091-9F1D-61771AD8082E}.Release|x86.ActiveCfg = Release|Win32
		{74CEDB09-58CE-4091-9F1D-61771AD8082E}.Release|x86.Build.0 = Release|Win32
		{C88106B0-8C3E-4F01-AC04-E81CD676BA6B}.Debug|x64.ActiveCfg = Debug|x64
		{C88106B0-8C3E-4F01-AC04-E81CD676BA6B}.Debug|x64.Build.0 = Debug|x64
		{C88106B0-8C3E-4F01-AC04-E81CD676BA6B}.Debug|x86.ActiveCfg = Debug|Win32
		{C88106B0-8C3E-4F01-AC04-E81CD676BA6B}.Debug|x86.Build.0 = Debug|Win32
		{C88106B0-8C3E-4F01-AC04-E81CD676BA6B}.Release|x64.ActiveCfg = Release|x64
		{C88106B0-8C3E-4F01-AC04-E81CD676BA6B}.Release|x64.Build.0 = Release|x64
		{C88106B0-8C3E-4F01-AC04-E81CD676BA6B}.Release|x86.ActiveCfg = Release|Win32
		{C88106B0-8C3E-4F01-AC04-E81CD676BA6B}.Release|x86.Build.0 = Release|Win32
		{76569EF4-4A11-414A-BF2B-2DCF25C50C68}.Debug|x64.ActiveCfg = Debug|x64
		{76569EF4-4A11-414A-BF2B-2DCF25C50C68}.Debug|x64.Build.0 = Debug|x64
		{76569EF4-4A11-414A-BF2B-2DCF25C50C68}.Debug|x86.ActiveCfg = Debug|Win32
		{76569EF4-4A11-414A-BF2B-2DCF25C50C68}.Debug|x86.Build.0 = Debug|Win32
		{76569EF4-4A11-414A-BF2B-2DCF25C50C68}.Release|x64.ActiveCfg = Release|x64
		{76569EF4-4A11-414A-BF2B-2DCF25C50C68}.Release|x64.Build.0 = Release|x64
		{76569EF4-4A11-414A-BF2B-2DCF25C50C68}.Release|x86.ActiveCfg = Release|Win32
		{76569EF4-4A11-414A-BF2B-2DCF25C50C68}.Release|x86.Build.0 = Release|Win32
		{57072252-B882-4A3C-A6D7-F8CFC6171DB4}.Debug|x64.ActiveCfg = Debug|x64
		{57072252-B882-4A3C-A6D7-F8CFC6171DB4}.Debug|x64.Build.0 = Debug|x64
		{57072252-B882-4A3C-A6D7-F8CFC6171DB4}.Debug|x86.ActiveCfg = Debug|Win32
		{57072252-B882-4A3C-A6D7-F8CFC6171DB4}.Debug|x86.Build.0 = Debug|Win32
		{57072252-B882-4A3C-A6D7-F8CFC6171DB4}.Release|x64.ActiveCfg = Release|x64
		{57072252-B882-4A3C-A6D7-F8CFC6171DB4}.Release|x64.Build.0 = Release|x64
		{57072252-B882-4A3C-A6D7-F8CFC6171DB4}.Release|x86.ActiveCfg = Release|Win32
		{57072252-B882-4A3C-A6D7-F8CFC6171DB4}.Release|x86.Build.0 = Release|Win32
		{D1DF6D2A-13A0-4D0D-97E6-C47D02B9B324}.Debug|x64.ActiveCfg = Debug|x64
		{D1DF6D2A-13A0-4D0D-97E6-C47D02B9B324}.Debug|x64.Build.0 = Debug|x64
		{D1DF6D2A-13A0-4D0D-97E6-C47D02B9B324}.Debug|x86.ActiveCfg = Debug|Win32
		{D1DF6D2A-13A0-4D0D-97E6-C47D02B9B324}.Debug|x86.Build.0 = Debug|Win32
		{D1DF6D2A-13A0-4D0D-97E6-C47D02B9B324}.Release|x64.ActiveCfg = Release|x64
		{D1DF6D2A-13A0-4D0D-97E6-C47D02B9B324}.Release|x64.Build.0 = Release|x64
		{D1DF6D2A-13A0-4D0D-97E6-C47D02B9B324}.Release|x86.ActiveCfg = Release|Win32
		{D1DF6D2A-13A0-4D0D-97E6-C47D02B9B324}.Release|x86.Build.0 = Release|Win32
		{0D5C196C-F9F0-4C6D-BFCB-9DA3BAF1D41E}.Debug|x64.ActiveCfg = Debug|x64
		{0D5C196C-F9F0-4C6D-BFCB-9DA3BAF1D41E}.Debug|x64.Build.0 = Debug|x64
		{0D5C196C-F9F0-4C6D-BFCB-9DA3BAF1D41E}.Debug|x86.ActiveCfg = Debug|Win32
		{0D5C196C-F9F0-4C6D-BFCB-9DA3BAF1D41E}.Debug|x86.Build.0 = Debug|Win32
		{0D5C196C-F9F0-4C6D-BFCB-9DA3BAF1D41E}.Release|x64.ActiveCfg = Release|x64
		{0D5C196C-F9F0-4C6D-BFCB-9DA3BAF1D41E}.Release|x64.Build.0 = Release|x64
		{0D5C196C-F9F0-4C6D-BFCB-9DA3BAF1D41E}.Release|x86.ActiveCfg = Release|Win32
		{0D5C196C-F9F0-4C6D-BFCB-9DA3BAF1D41E}.Release|x86.Build.0 = Release|Win32
		{AF18C336-A1F5-4693-998C-970C64A3B89D}.Debug|x64.ActiveCfg = Debug|x64
		{AF18C336-A1F5-4693-998C-970C64A3B89D}.Debug|x64.Build.0 = Debug|x64
		{AF18C336-A1F5-4693-998C-970C64A3B89D}.Debug|x86.ActiveCfg = Debug|Win32
		{AF18C336-A1F5-4693-998C-970C64A3B89D}.Debug|x86.Build.0 = Debug|Win32
		{AF18C336-A1F5-4693-998C-970C64A3B89D}.Release|x64.ActiveCfg = Release|x64
		{AF18C336-A1F5-4693-998C-970C64A3B89D}.Release|x64.Build.0 = Release|x64
		{AF18C336-A1F5-4693-998C-970C64A3B89D}.Release|x86.ActiveCfg = Release|Win32
		{AF18C336-A1F5-4693-998C-970C64A3B89D}.Release|x86.Build.0 = Release|Win32
		{C372914F-244C-42B3-A8EA-71A5A0B9A80D}.Debug|x64.ActiveCfg = Debug|x64
		{C372914F-244C-42B3-A8EA-71A5A0B9A80D}.Debug|x64.Build.0 = Debug|x64
		{C372914F-244C-42B3-A8EA-71A5A0B9A80D}.Debug|x86.ActiveCfg = Debug|Win32
		{C372914F-244C-42B3-A8EA-71A5A0B9A80D}.Debug|x86.Build.0 = Debug|Win32
		{C372914F-244C-42B3-A8EA-71A5A0B9A80D}.Release|x64.ActiveCfg = Release|x64
		{C372914F-244C-42B3-A8EA-71A5A0B9A80D}.Release|x64.Build.0 = Release|x64
		{C372914F-244C-42B3-A8EA-71A5A0B9A80D}.Release|x86.ActiveCfg = Release|Win32
		{C372914F-244C-42B3-A8EA-71A5A0B9A80D}.Release|x86.Build.0 = Release|Win32
	EndGlobalSection
	GlobalSection(SolutionProperties) = preSolution
		HideSolutionNode = FALSE
	EndGlobalSection
	GlobalSection(ExtensibilityGlobals) = postSolution
		SolutionGuid = {6714760C-6B6B-40AF-A4FE-EB3781EC4704}
	EndGlobalSection
EndGlobal
